<?xml version="1.0" encoding="utf-8"?>
<Project ToolsVersion="4.0" xmlns="http://schemas.microsoft.com/developer/msbuild/2003">
  <ItemGroup>
    <Filter Include="Debug">
      <UniqueIdentifier>{4b179d87-06f9-4d08-92ab-481b690f1c58}</UniqueIdentifier>
    </Filter>
    <Filter Include="exception">
      <UniqueIdentifier>{bac6b18a-5c8f-4b88-affb-0c9e55cbb1e3}</UniqueIdentifier>
    </Filter>
    <Filter Include="tokenizer">
      <UniqueIdentifier>{223d311c-5234-41cc-882c-99c57c10132c}</UniqueIdentifier>
    </Filter>
    <Filter Include="parser">
      <UniqueIdentifier>{624e7770-0215-49e7-8243-a6c16cb47b8f}</UniqueIdentifier>
    </Filter>
  </ItemGroup>
  <ItemGroup>
    <None Include="Debug\test.out">
      <Filter>Debug</Filter>
    </None>
  </ItemGroup>
  <ItemGroup>
    <Text Include="Debug\test.txt">
      <Filter>Debug</Filter>
    </Text>
  </ItemGroup>
  <ItemGroup>
    <ClCompile Include="exception\Exception.cpp">
      <Filter>exception</Filter>
    </ClCompile>
    <ClCompile Include="parser\Node.cpp">
      <Filter>parser</Filter>
    </ClCompile>
    <ClCompile Include="parser\Parser.cpp">
      <Filter>parser</Filter>
    </ClCompile>
    <ClCompile Include="parser\Statement.cpp">
      <Filter>parser</Filter>
    </ClCompile>
    <ClCompile Include="parser\SymTable.cpp">
      <Filter>parser</Filter>
    </ClCompile>
    <ClCompile Include="tokenizer\StatesData.cpp">
      <Filter>tokenizer</Filter>
    </ClCompile>
    <ClCompile Include="tokenizer\Token.cpp">
      <Filter>tokenizer</Filter>
    </ClCompile>
    <ClCompile Include="tokenizer\Tokenizer.cpp">
      <Filter>tokenizer</Filter>
    </ClCompile>
    <ClCompile Include="main.cpp" />
  </ItemGroup>
  <ItemGroup>
    <ClInclude Include="exception\Exception.h">
      <Filter>exception</Filter>
    </ClInclude>
    <ClInclude Include="parser\Node.h">
      <Filter>parser</Filter>
    </ClInclude>
    <ClInclude Include="parser\Parser.h">
      <Filter>parser</Filter>
    </ClInclude>
    <ClInclude Include="parser\Statement.h">
      <Filter>parser</Filter>
    </ClInclude>
    <ClInclude Include="parser\StatementInterface.h">
      <Filter>parser</Filter>
    </ClInclude>
    <ClInclude Include="parser\SymTable.h">
      <Filter>parser</Filter>
    </ClInclude>
    <ClInclude Include="tokenizer\StatesData.h">
      <Filter>tokenizer</Filter>
    </ClInclude>
    <ClInclude Include="tokenizer\Token.h">
      <Filter>tokenizer</Filter>
    </ClInclude>
    <ClInclude Include="tokenizer\Tokenizer.h">
      <Filter>tokenizer</Filter>
    </ClInclude>
    <ClInclude Include="tokenizer\TokenTypes.h">
      <Filter>tokenizer</Filter>
    </ClInclude>
  </ItemGroup>
</Project>